
Microsoft Visual Studio Solution File, Format Version 12.00
# Visual Studio 15
VisualStudioVersion = 15.0.27703.2047
MinimumVisualStudioVersion = 10.0.40219.1
Project("{FAE04EC0-301F-11D3-BF4B-00C04F79EFBC}") = "WITS Software", "WITS Software\WITS Software.csproj", "{E8EE62E9-4498-4FCE-9642-AA2163B02809}"
EndProject
Global
	GlobalSection(SolutionConfigurationPlatforms) = preSolution
		Debug|Any CPU = Debug|Any CPU
		Release|Any CPU = Release|Any CPU
	EndGlobalSection
	GlobalSection(ProjectConfigurationPlatforms) = postSolution
		{E8EE62E9-4498-4FCE-9642-AA2163B02809}.Debug|Any CPU.ActiveCfg = Debug|Any CPU
		{E8EE62E9-4498-4FCE-9642-AA2163B02809}.Debug|Any CPU.Build.0 = Debug|Any CPU
		{E8EE62E9-4498-4FCE-9642-AA2163B02809}.Release|Any CPU.ActiveCfg = Release|Any CPU
		{E8EE62E9-4498-4FCE-9642-AA2163B02809}.Release|Any CPU.Build.0 = Release|Any CPU
	EndGlobalSection
	GlobalSection(SolutionProperties) = preSolution
		HideSolutionNode = FALSE
	EndGlobalSection
	GlobalSection(ExtensibilityGlobals) = postSolution
		SolutionGuid = {5E44378C-FCDA-412D-8A7C-1BCF4306ED12}
	EndGlobalSection
EndGlobal
